
Microsoft Visual Studio Solution File, Format Version 12.00
# Visual Studio Version 17
VisualStudioVersion = 17.14.37216.2 d17.14
MinimumVisualStudioVersion = 10.0.40219.1
Project("{FAE04EC0-301F-11D3-BF4B-00C04F79EFBC}") = "PracticeMVC", "PracticeMVC\PracticeMVC.csproj", "{D8EB3981-C3C1-4814-B173-633C371D49E6}"
EndProject
Global
	GlobalSection(SolutionConfigurationPlatforms) = preSolution
		Debug|Any CPU = Debug|Any CPU
		Release|Any CPU = Release|Any CPU
	EndGlobalSection
	GlobalSection(ProjectConfigurationPlatforms) = postSolution
		{D8EB3981-C3C1-4814-B173-633C371D49E6}.Debug|Any CPU.ActiveCfg = Debug|Any CPU
		{D8EB3981-C3C1-4814-B173-633C371D49E6}.Debug|Any CPU.Build.0 = Debug|Any CPU
		{D8EB3981-C3C1-4814-B173-633C371D49E6}.Release|Any CPU.ActiveCfg = Release|Any CPU
		{D8EB3981-C3C1-4814-B173-633C371D49E6}.Release|Any CPU.Build.0 = Release|Any CPU
	EndGlobalSection
	GlobalSection(SolutionProperties) = preSolution
		HideSolutionNode = FALSE
	EndGlobalSection
	GlobalSection(ExtensibilityGlobals) = postSolution
		SolutionGuid = {77333533-599F-46C2-BD7C-6FAD2E69B4D5}
	EndGlobalSection
EndGlobal
